
Microsoft Visual Studio Solution File, Format Version 12.00
# Visual Studio Version 17
VisualStudioVersion = 17.10.35013.160
MinimumVisualStudioVersion = 10.0.40219.1
Project("{9A19103F-16F7-4668-BE54-9A1E7A4F7556}") = "RenderFragmentCardExample", "RenderFragmentCardExample\RenderFragmentCardExample.csproj", "{807DB2BA-230B-40A4-BBD9-7839A122DB85}"
EndProject
Project("{FAE04EC0-301F-11D3-BF4B-00C04F79EFBC}") = "StateContainer", "StateContainer\StateContainer.csproj", "{36BCB8AD-71D8-4FD1-AED4-27CAB1A331BC}"
EndProject
Project("{FAE04EC0-301F-11D3-BF4B-00C04F79EFBC}") = "DependencyInjection", "DependencyInjection\DependencyInjection.csproj", "{FE36C671-F887-4282-809B-60CF8C8931A5}"
EndProject
Global
	GlobalSection(SolutionConfigurationPlatforms) = preSolution
		Debug|Any CPU = Debug|Any CPU
		Release|Any CPU = Release|Any CPU
	EndGlobalSection
	GlobalSection(ProjectConfigurationPlatforms) = postSolution
		{807DB2BA-230B-40A4-BBD9-7839A122DB85}.Debug|Any CPU.ActiveCfg = Debug|Any CPU
		{807DB2BA-230B-40A4-BBD9-7839A122DB85}.Debug|Any CPU.Build.0 = Debug|Any CPU
		{807DB2BA-230B-40A4-BBD9-7839A122DB85}.Release|Any CPU.ActiveCfg = Release|Any CPU
		{807DB2BA-230B-40A4-BBD9-7839A122DB85}.Release|Any CPU.Build.0 = Release|Any CPU
		{36BCB8AD-71D8-4FD1-AED4-27CAB1A331BC}.Debug|Any CPU.ActiveCfg = Debug|Any CPU
		{36BCB8AD-71D8-4FD1-AED4-27CAB1A331BC}.Debug|Any CPU.Build.0 = Debug|Any CPU
		{36BCB8AD-71D8-4FD1-AED4-27CAB1A331BC}.Release|Any CPU.ActiveCfg = Release|Any CPU
		{36BCB8AD-71D8-4FD1-AED4-27CAB1A331BC}.Release|Any CPU.Build.0 = Release|Any CPU
		{FE36C671-F887-4282-809B-60CF8C8931A5}.Debug|Any CPU.ActiveCfg = Debug|Any CPU
		{FE36C671-F887-4282-809B-60CF8C8931A5}.Debug|Any CPU.Build.0 = Debug|Any CPU
		{FE36C671-F887-4282-809B-60CF8C8931A5}.Release|Any CPU.ActiveCfg = Release|Any CPU
		{FE36C671-F887-4282-809B-60CF8C8931A5}.Release|Any CPU.Build.0 = Release|Any CPU
	EndGlobalSection
	GlobalSection(SolutionProperties) = preSolution
		HideSolutionNode = FALSE
	EndGlobalSection
	GlobalSection(ExtensibilityGlobals) = postSolution
		SolutionGuid = {544706D0-CD53-4B1B-8EC6-B7E44DA4AA89}
	EndGlobalSection
EndGlobal
